
Microsoft Visual Studio Solution File, Format Version 11.00
# Visual Studio 2010
Project("{8BC9CEB8-8B4A-11D0-8D11-00A0C91BC942}") = "HDLGManClient", "HDLGManClient.vcxproj", "{A90B1017-392C-4FF5-AED7-56F1BEAC3150}"
EndProject
Global
	GlobalSection(SolutionConfigurationPlatforms) = preSolution
		Debug|Win32 = Debug|Win32
		Release|Win32 = Release|Win32
	EndGlobalSection
	GlobalSection(ProjectConfigurationPlatforms) = postSolution
		{A90B1017-392C-4FF5-AED7-56F1BEAC3150}.Debug|Win32.ActiveCfg = Debug|Win32
		{A90B1017-392C-4FF5-AED7-56F1BEAC3150}.Debug|Win32.Build.0 = Debug|Win32
		{A90B1017-392C-4FF5-AED7-56F1BEAC3150}.Release|Win32.ActiveCfg = Release|Win32
		{A90B1017-392C-4FF5-AED7-56F1BEAC3150}.Release|Win32.Build.0 = Release|Win32
	EndGlobalSection
	GlobalSection(SolutionProperties) = preSolution
		HideSolutionNode = FALSE
	EndGlobalSection
EndGlobal
